// !$*UTF8*$!
{
	archiveVersion = 1;
	classes = {
	};
	objectVersion = 60;
	objects = {

/* Begin PBXBuildFile section */
		02C57D452C183B6300BB0E48 /* Xcode16CheckApp.swift in Sources */ = {isa = PBXBuildFile; fileRef = 02C57D442C183B6300BB0E48 /* Xcode16CheckApp.swift */; };
		02C57D472C183B6300BB0E48 /* ContentView.swift in Sources */ = {isa = PBXBuildFile; fileRef = 02C57D462C183B6300BB0E48 /* ContentView.swift */; };
		02C57D492C183B6400BB0E48 /* Assets.xcassets in Resources */ = {isa = PBXBuildFile; fileRef = 02C57D482C183B6400BB0E48 /* Assets.xcassets */; };
		02C57D4C2C183B6400BB0E48 /* Preview Assets.xcassets in Resources */ = {isa = PBXBuildFile; fileRef = 02C57D4B2C183B6400BB0E48 /* Preview Assets.xcassets */; };
		02C57D562C183B6400BB0E48 /* Xcode16CheckTests.swift in Sources */ = {isa = PBXBuildFile; fileRef = 02C57D552C183B6400BB0E48 /* Xcode16CheckTests.swift */; };
		02C57D602C183B6400BB0E48 /* Xcode16CheckUITests.swift in Sources */ = {isa = PBXBuildFile; fileRef = 02C57D5F2C183B6400BB0E48 /* Xcode16CheckUITests.swift */; };
		02C57D622C183B6400BB0E48 /* Xcode16CheckUITestsLaunchTests.swift in Sources */ = {isa = PBXBuildFile; fileRef = 02C57D612C183B6400BB0E48 /* Xcode16CheckUITestsLaunchTests.swift */; };
/* End PBXBuildFile section */

/* Begin PBXContainerItemProxy section */
		02C57D522C183B6400BB0E48 /* PBXContainerItemProxy */ = {
			isa = PBXContainerItemProxy;
			containerPortal = 02C57D392C183B6300BB0E48 /* Project object */;
			proxyType = 1;
			remoteGlobalIDString = 02C57D402C183B6300BB0E48;
			remoteInfo = Xcode16Check;
		};
		02C57D5C2C183B6400BB0E48 /* PBXContainerItemProxy */ = {
			isa = PBXContainerItemProxy;
			containerPortal = 02C57D392C183B6300BB0E48 /* Project object */;
			proxyType = 1;
			remoteGlobalIDString = 02C57D402C183B6300BB0E48;
			remoteInfo = Xcode16Check;
		};
/* End PBXContainerItemProxy section */

/* Begin PBXFileReference section */
		02C57D412C183B6300BB0E48 /* Xcode16Check.app */ = {isa = PBXFileReference; explicitFileType = wrapper.application; includeInIndex = 0; path = Xcode16Check.app; sourceTree = BUILT_PRODUCTS_DIR; };
		02C57D442C183B6300BB0E48 /* Xcode16CheckApp.swift */ = {isa = PBXFileReference; lastKnownFileType = sourcecode.swift; path = Xcode16CheckApp.swift; sourceTree = "<group>"; };
		02C57D462C183B6300BB0E48 /* ContentView.swift */ = {isa = PBXFileReference; lastKnownFileType = sourcecode.swift; path = ContentView.swift; sourceTree = "<group>"; };
		02C57D482C183B6400BB0E48 /* Assets.xcassets */ = {isa = PBXFileReference; lastKnownFileType = folder.assetcatalog; path = Assets.xcassets; sourceTree = "<group>"; };
		02C57D4B2C183B6400BB0E48 /* Preview Assets.xcassets */ = {isa = PBXFileReference; lastKnownFileType = folder.assetcatalog; path = "Preview Assets.xcassets"; sourceTree = "<group>"; };
		02C57D512C183B6400BB0E48 /* Xcode16CheckTests.xctest */ = {isa = PBXFileReference; explicitFileType = wrapper.cfbundle; includeInIndex = 0; path = Xcode16CheckTests.xctest; sourceTree = BUILT_PRODUCTS_DIR; };
		02C57D552C183B6400BB0E48 /* Xcode16CheckTests.swift */ = {isa = PBXFileReference; lastKnownFileType = sourcecode.swift; path = Xcode16CheckTests.swift; sourceTree = "<group>"; };
		02C57D5B2C183B6400BB0E48 /* Xcode16CheckUITests.xctest */ = {isa = PBXFileReference; explicitFileType = wrapper.cfbundle; includeInIndex = 0; path = Xcode16CheckUITests.xctest; sourceTree = BUILT_PRODUCTS_DIR; };
		02C57D5F2C183B6400BB0E48 /* Xcode16CheckUITests.swift */ = {isa = PBXFileReference; lastKnownFileType = sourcecode.swift; path = Xcode16CheckUITests.swift; sourceTree = "<group>"; };
		02C57D612C183B6400BB0E48 /* Xcode16CheckUITestsLaunchTests.swift */ = {isa = PBXFileReference; lastKnownFileType = sourcecode.swift; path = Xcode16CheckUITestsLaunchTests.swift; sourceTree = "<group>"; };
/* End PBXFileReference section */

/* Begin PBXFrameworksBuildPhase section */
		02C57D3E2C183B6300BB0E48 /* Frameworks */ = {
			isa = PBXFrameworksBuildPhase;
			buildActionMask = 2147483647;
			files = (
			);
			runOnlyForDeploymentPostprocessing = 0;
		};
		02C57D4E2C183B6400BB0E48 /* Frameworks */ = {
			isa = PBXFrameworksBuildPhase;
			buildActionMask = 2147483647;
			files = (
			);
			runOnlyForDeploymentPostprocessing = 0;
		};
		02C57D582C183B6400BB0E48 /* Frameworks */ = {
			isa = PBXFrameworksBuildPhase;
			buildActionMask = 2147483647;
			files = (
			);
			runOnlyForDeploymentPostprocessing = 0;
		};
/* End PBXFrameworksBuildPhase section */

/* Begin PBXGroup section */
		02C57D382C183B6300BB0E48 = {
			isa = PBXGroup;
			children = (
				02C57D432C183B6300BB0E48 /* Xcode16Check */,
				02C57D542C183B6400BB0E48 /* Xcode16CheckTests */,
				02C57D5E2C183B6400BB0E48 /* Xcode16CheckUITests */,
				02C57D422C183B6300BB0E48 /* Products */,
			);
			sourceTree = "<group>";
		};
		02C57D422C183B6300BB0E48 /* Products */ = {
			isa = PBXGroup;
			children = (
				02C57D412C183B6300BB0E48 /* Xcode16Check.app */,
				02C57D512C183B6400BB0E48 /* Xcode16CheckTests.xctest */,
				02C57D5B2C183B6400BB0E48 /* Xcode16CheckUITests.xctest */,
			);
			name = Products;
			sourceTree = "<group>";
		};
		02C57D432C183B6300BB0E48 /* Xcode16Check */ = {
			isa = PBXGroup;
			children = (
				02C57D442C183B6300BB0E48 /* Xcode16CheckApp.swift */,
				02C57D462C183B6300BB0E48 /* ContentView.swift */,
				02C57D482C183B6400BB0E48 /* Assets.xcassets */,
				02C57D4A2C183B6400BB0E48 /* Preview Content */,
			);
			path = Xcode16Check;
			sourceTree = "<group>";
		};
		02C57D4A2C183B6400BB0E48 /* Preview Content */ = {
			isa = PBXGroup;
			children = (
				02C57D4B2C183B6400BB0E48 /* Preview Assets.xcassets */,
			);
			path = "Preview Content";
			sourceTree = "<group>";
		};
		02C57D542C183B6400BB0E48 /* Xcode16CheckTests */ = {
			isa = PBXGroup;
			children = (
				02C57D552C183B6400BB0E48 /* Xcode16CheckTests.swift */,
			);
			path = Xcode16CheckTests;
			sourceTree = "<group>";
		};
		02C57D5E2C183B6400BB0E48 /* Xcode16CheckUITests */ = {
			isa = PBXGroup;
			children = (
				02C57D5F2C183B6400BB0E48 /* Xcode16CheckUITests.swift */,
				02C57D612C183B6400BB0E48 /* Xcode16CheckUITestsLaunchTests.swift */,
			);
			path = Xcode16CheckUITests;
			sourceTree = "<group>";
		};
/* End PBXGroup section */

/* Begin PBXNativeTarget section */
		02C57D402C183B6300BB0E48 /* Xcode16Check */ = {
			isa = PBXNativeTarget;
			buildConfigurationList = 02C57D652C183B6400BB0E48 /* Build configuration list for PBXNativeTarget "Xcode16Check" */;
			buildPhases = (
				02C57D3D2C183B6300BB0E48 /* Sources */,
				02C57D3E2C183B6300BB0E48 /* Frameworks */,
				02C57D3F2C183B6300BB0E48 /* Resources */,
			);
			buildRules = (
			);
			dependencies = (
			);
			name = Xcode16Check;
			productName = Xcode16Check;
			productReference = 02C57D412C183B6300BB0E48 /* Xcode16Check.app */;
			productType = "com.apple.product-type.application";
		};
		02C57D502C183B6400BB0E48 /* Xcode16CheckTests */ = {
			isa = PBXNativeTarget;
			buildConfigurationList = 02C57D682C183B6400BB0E48 /* Build configuration list for PBXNativeTarget "Xcode16CheckTests" */;
			buildPhases = (
				02C57D4D2C183B6400BB0E48 /* Sources */,
				02C57D4E2C183B6400BB0E48 /* Frameworks */,
				02C57D4F2C183B6400BB0E48 /* Resources */,
			);
			buildRules = (
			);
			dependencies = (
				02C57D532C183B6400BB0E48 /* PBXTargetDependency */,
			);
			name = Xcode16CheckTests;
			productName = Xcode16CheckTests;
			productReference = 02C57D512C183B6400BB0E48 /* Xcode16CheckTests.xctest */;
			productType = "com.apple.product-type.bundle.unit-test";
		};
		02C57D5A2C183B6400BB0E48 /* Xcode16CheckUITests */ = {
			isa = PBXNativeTarget;
			buildConfigurationList = 02C57D6B2C183B6400BB0E48 /* Build configuration list for PBXNativeTarget "Xcode16CheckUITests" */;
			buildPhases = (
				02C57D572C183B6400BB0E48 /* Sources */,
				02C57D582C183B6400BB0E48 /* Frameworks */,
				02C57D592C183B6400BB0E48 /* Resources */,
			);
			buildRules = (
			);
			dependencies = (
				02C57D5D2C183B6400BB0E48 /* PBXTargetDependency */,
			);
			name = Xcode16CheckUITests;
			productName = Xcode16CheckUITests;
			productReference = 02C57D5B2C183B6400BB0E48 /* Xcode16CheckUITests.xctest */;
			productType = "com.apple.product-type.bundle.ui-testing";
		};
/* End PBXNativeTarget section */

/* Begin PBXProject section */
		02C57D392C183B6300BB0E48 /* Project object */ = {
			isa = PBXProject;
			attributes = {
				BuildIndependentTargetsInParallel = 1;
				LastSwiftUpdateCheck = 1600;
				LastUpgradeCheck = 1600;
				TargetAttributes = {
					02C57D402C183B6300BB0E48 = {
						CreatedOnToolsVersion = 16.0;
					};
					02C57D502C183B6400BB0E48 = {
						CreatedOnToolsVersion = 16.0;
						TestTargetID = 02C57D402C183B6300BB0E48;
					};
					02C57D5A2C183B6400BB0E48 = {
						CreatedOnToolsVersion = 16.0;
						TestTargetID = 02C57D402C183B6300BB0E48;
					};
				};
			};
			buildConfigurationList = 02C57D3C2C183B6300BB0E48 /* Build configuration list for PBXProject "Xcode16Check" */;
			compatibilityVersion = "Xcode 15.0";
			developmentRegion = en;
			hasScannedForEncodings = 0;
			knownRegions = (
				en,
				Base,
			);
			mainGroup = 02C57D382C183B6300BB0E48;
			productRefGroup = 02C57D422C183B6300BB0E48 /* Products */;
			projectDirPath = "";
			projectRoot = "";
			targets = (
				02C57D402C183B6300BB0E48 /* Xcode16Check */,
				02C57D502C183B6400BB0E48 /* Xcode16CheckTests */,
				02C57D5A2C183B6400BB0E48 /* Xcode16CheckUITests */,
			);
		};
/* End PBXProject section */

/* Begin PBXResourcesBuildPhase section */
		02C57D3F2C183B6300BB0E48 /* Resources */ = {
			isa = PBXResourcesBuildPhase;
			buildActionMask = 2147483647;
			files = (
				02C57D4C2C183B6400BB0E48 /* Preview Assets.xcassets in Resources */,
				02C57D492C183B6400BB0E48 /* Assets.xcassets in Resources */,
			);
			runOnlyForDeploymentPostprocessing = 0;
		};
		02C57D4F2C183B6400BB0E48 /* Resources */ = {
			isa = PBXResourcesBuildPhase;
			buildActionMask = 2147483647;
			files = (
			);
			runOnlyForDeploymentPostprocessing = 0;
		};
		02C57D592C183B6400BB0E48 /* Resources */ = {
			isa = PBXResourcesBuildPhase;
			buildActionMask = 2147483647;
			files = (
			);
			runOnlyForDeploymentPostprocessing = 0;
		};
/* End PBXResourcesBuildPhase section */

/* Begin PBXSourcesBuildPhase section */
		02C57D3D2C183B6300BB0E48 /* Sources */ = {
			isa = PBXSourcesBuildPhase;
			buildActionMask = 2147483647;
			files = (
				02C57D472C183B6300BB0E48 /* ContentView.swift in Sources */,
				02C57D452C183B6300BB0E48 /* Xcode16CheckApp.swift in Sources */,
			);
			runOnlyForDeploymentPostprocessing = 0;
		};
		02C57D4D2C183B6400BB0E48 /* Sources */ = {
			isa = PBXSourcesBuildPhase;
			buildActionMask = 2147483647;
			files = (
				02C57D562C183B6400BB0E48 /* Xcode16CheckTests.swift in Sources */,
			);
			runOnlyForDeploymentPostprocessing = 0;
		};
		02C57D572C183B6400BB0E48 /* Sources */ = {
			isa = PBXSourcesBuildPhase;
			buildActionMask = 2147483647;
			files = (
				02C57D622C183B6400BB0E48 /* Xcode16CheckUITestsLaunchTests.swift in Sources */,
				02C57D602C183B6400BB0E48 /* Xcode16CheckUITests.swift in Sources */,
			);
			runOnlyForDeploymentPostprocessing = 0;
		};
/* End PBXSourcesBuildPhase section */

/* Begin PBXTargetDependency section */
		02C57D532C183B6400BB0E48 /* PBXTargetDependency */ = {
			isa = PBXTargetDependency;
			target = 02C57D402C183B6300BB0E48 /* Xcode16Check */;
			targetProxy = 02C57D522C183B6400BB0E48 /* PBXContainerItemProxy */;
		};
		02C57D5D2C183B6400BB0E48 /* PBXTargetDependency */ = {
			isa = PBXTargetDependency;
			target = 02C57D402C183B6300BB0E48 /* Xcode16Check */;
			targetProxy = 02C57D5C2C183B6400BB0E48 /* PBXContainerItemProxy */;
		};
/* End PBXTargetDependency section */

/* Begin XCBuildConfiguration section */
		02C57D632C183B6400BB0E48 /* Debug */ = {
			isa = XCBuildConfiguration;
			buildSettings = {
				ALWAYS_SEARCH_USER_PATHS = NO;
				ASSETCATALOG_COMPILER_GENERATE_SWIFT_ASSET_SYMBOL_EXTENSIONS = YES;
				CLANG_ANALYZER_NONNULL = YES;
				CLANG_ANALYZER_NUMBER_OBJECT_CONVERSION = YES_AGGRESSIVE;
				CLANG_CXX_LANGUAGE_STANDARD = "gnu++20";
				CLANG_ENABLE_MODULES = YES;
				CLANG_ENABLE_OBJC_ARC = YES;
				CLANG_ENABLE_OBJC_WEAK = YES;
				CLANG_WARN_BLOCK_CAPTURE_AUTORELEASING = YES;
				CLANG_WARN_BOOL_CONVERSION = YES;
				CLANG_WARN_COMMA = YES;
				CLANG_WARN_CONSTANT_CONVERSION = YES;
				CLANG_WARN_DEPRECATED_OBJC_IMPLEMENTATIONS = YES;
				CLANG_WARN_DIRECT_OBJC_ISA_USAGE = YES_ERROR;
				CLANG_WARN_DOCUMENTATION_COMMENTS = YES;
				CLANG_WARN_EMPTY_BODY = YES;
				CLANG_WARN_ENUM_CONVERSION = YES;
				CLANG_WARN_INFINITE_RECURSION = YES;
				CLANG_WARN_INT_CONVERSION = YES;
				CLANG_WARN_NON_LITERAL_NULL_CONVERSION = YES;
				CLANG_WARN_OBJC_IMPLICIT_RETAIN_SELF = YES;
				CLANG_WARN_OBJC_LITERAL_CONVERSION = YES;
				CLANG_WARN_OBJC_ROOT_CLASS = YES_ERROR;
				CLANG_WARN_QUOTED_INCLUDE_IN_FRAMEWORK_HEADER = YES;
				CLANG_WARN_RANGE_LOOP_ANALYSIS = YES;
				CLANG_WARN_STRICT_PROTOTYPES = YES;
				CLANG_WARN_SUSPICIOUS_MOVE = YES;
				CLANG_WARN_UNGUARDED_AVAILABILITY = YES_AGGRESSIVE;
				CLANG_WARN_UNREACHABLE_CODE = YES;
				CLANG_WARN__DUPLICATE_METHOD_MATCH = YES;
				COPY_PHASE_STRIP = NO;
				DEBUG_INFORMATION_FORMAT = dwarf;
				ENABLE_STRICT_OBJC_MSGSEND = YES;
				ENABLE_TESTABILITY = YES;
				ENABLE_USER_SCRIPT_SANDBOXING = YES;
				GCC_C_LANGUAGE_STANDARD = gnu17;
				GCC_DYNAMIC_NO_PIC = NO;
				GCC_NO_COMMON_BLOCKS = YES;
				GCC_OPTIMIZATION_LEVEL = 0;
				GCC_PREPROCESSOR_DEFINITIONS = (
					"DEBUG=1",
					"$(inherited)",
				);
				GCC_WARN_64_TO_32_BIT_CONVERSION = YES;
				GCC_WARN_ABOUT_RETURN_TYPE = YES_ERROR;
				GCC_WARN_UNDECLARED_SELECTOR = YES;
				GCC_WARN_UNINITIALIZED_AUTOS = YES_AGGRESSIVE;
				GCC_WARN_UNUSED_FUNCTION = YES;
				GCC_WARN_UNUSED_VARIABLE = YES;
				IPHONEOS_DEPLOYMENT_TARGET = 18.0;
				LOCALIZATION_PREFERS_STRING_CATALOGS = YES;
				MTL_ENABLE_DEBUG_INFO = INCLUDE_SOURCE;
				MTL_FAST_MATH = YES;
				ONLY_ACTIVE_ARCH = YES;
				SDKROOT = iphoneos;
				SWIFT_ACTIVE_COMPILATION_CONDITIONS = "DEBUG $(inherited)";
				SWIFT_OPTIMIZATION_LEVEL = "-Onone";
			};
			name = Debug;
		};
		02C57D642C183B6400BB0E48 /* Release */ = {
			isa = XCBuildConfiguration;
			buildSettings = {
				ALWAYS_SEARCH_USER_PATHS = NO;
				ASSETCATALOG_COMPILER_GENERATE_SWIFT_ASSET_SYMBOL_EXTENSIONS = YES;
				CLANG_ANALYZER_NONNULL = YES;
				CLANG_ANALYZER_NUMBER_OBJECT_CONVERSION = YES_AGGRESSIVE;
				CLANG_CXX_LANGUAGE_STANDARD = "gnu++20";
				CLANG_ENABLE_MODULES = YES;
				CLANG_ENABLE_OBJC_ARC = YES;
				CLANG_ENABLE_OBJC_WEAK = YES;
				CLANG_WARN_BLOCK_CAPTURE_AUTORELEASING = YES;
				CLANG_WARN_BOOL_CONVERSION = YES;
				CLANG_WARN_COMMA = YES;
				CLANG_WARN_CONSTANT_CONVERSION = YES;
				CLANG_WARN_DEPRECATED_OBJC_IMPLEMENTATIONS = YES;
				CLANG_WARN_DIRECT_OBJC_ISA_USAGE = YES_ERROR;
				CLANG_WARN_DOCUMENTATION_COMMENTS = YES;
				CLANG_WARN_EMPTY_BODY = YES;
				CLANG_WARN_ENUM_CONVERSION = YES;
				CLANG_WARN_INFINITE_RECURSION = YES;
				CLANG_WARN_INT_CONVERSION = YES;
				CLANG_WARN_NON_LITERAL_NULL_CONVERSION = YES;
				CLANG_WARN_OBJC_IMPLICIT_RETAIN_SELF = YES;
				CLANG_WARN_OBJC_LITERAL_CONVERSION = YES;
				CLANG_WARN_OBJC_ROOT_CLASS = YES_ERROR;
				CLANG_WARN_QUOTED_INCLUDE_IN_FRAMEWORK_HEADER = YES;
				CLANG_WARN_RANGE_LOOP_ANALYSIS = YES;
				CLANG_WARN_STRICT_PROTOTYPES = YES;
				CLANG_WARN_SUSPICIOUS_MOVE = YES;
				CLANG_WARN_UNGUARDED_AVAILABILITY = YES_AGGRESSIVE;
				CLANG_WARN_UNREACHABLE_CODE = YES;
				CLANG_WARN__DUPLICATE_METHOD_MATCH = YES;
				COPY_PHASE_STRIP = NO;
				DEBUG_INFORMATION_FORMAT = "dwarf-with-dsym";
				ENABLE_NS_ASSERTIONS = NO;
				ENABLE_STRICT_OBJC_MSGSEND = YES;
				ENABLE_USER_SCRIPT_SANDBOXING = YES;
				GCC_C_LANGUAGE_STANDARD = gnu17;
				GCC_NO_COMMON_BLOCKS = YES;
				GCC_WARN_64_TO_32_BIT_CONVERSION = YES;
				GCC_WARN_ABOUT_RETURN_TYPE = YES_ERROR;
				GCC_WARN_UNDECLARED_SELECTOR = YES;
				GCC_WARN_UNINITIALIZED_AUTOS = YES_AGGRESSIVE;
				GCC_WARN_UNUSED_FUNCTION = YES;
				GCC_WARN_UNUSED_VARIABLE = YES;
				IPHONEOS_DEPLOYMENT_TARGET = 18.0;
				LOCALIZATION_PREFERS_STRING_CATALOGS = YES;
				MTL_ENABLE_DEBUG_INFO = NO;
				MTL_FAST_MATH = YES;
				SDKROOT = iphoneos;
				SWIFT_COMPILATION_MODE = wholemodule;
				VALIDATE_PRODUCT = YES;
			};
			name = Release;
		};
		02C57D662C183B6400BB0E48 /* Debug */ = {
			isa = XCBuildConfiguration;
			buildSettings = {
				ASSETCATALOG_COMPILER_APPICON_NAME = AppIcon;
				ASSETCATALOG_COMPILER_GLOBAL_ACCENT_COLOR_NAME = AccentColor;
				CODE_SIGN_STYLE = Automatic;
				CURRENT_PROJECT_VERSION = 1;
				DEVELOPMENT_ASSET_PATHS = "\"Xcode16Check/Preview Content\"";
				DEVELOPMENT_TEAM = 4G76GHV9RM;
				ENABLE_PREVIEWS = YES;
				GENERATE_INFOPLIST_FILE = YES;
				INFOPLIST_KEY_UIApplicationSceneManifest_Generation = YES;
				INFOPLIST_KEY_UIApplicationSupportsIndirectInputEvents = YES;
				INFOPLIST_KEY_UILaunchScreen_Generation = YES;
				INFOPLIST_KEY_UISupportedInterfaceOrientations_iPad = "UIInterfaceOrientationPortrait UIInterfaceOrientationPortraitUpsideDown UIInterfaceOrientationLandscapeLeft UIInterfaceOrientationLandscapeRight";
				INFOPLIST_KEY_UISupportedInterfaceOrientations_iPhone = "UIInterfaceOrientationPortrait UIInterfaceOrientationLandscapeLeft UIInterfaceOrientationLandscapeRight";
				LD_RUNPATH_SEARCH_PATHS = (
					"$(inherited)",
					"@executable_path/Frameworks",
				);
				MARKETING_VERSION = 1.0;
				PRODUCT_BUNDLE_IDENTIFIER = com.leopoldromanowski.Xcode16Check;
				PRODUCT_NAME = "$(TARGET_NAME)";
				SWIFT_EMIT_LOC_STRINGS = YES;
				SWIFT_VERSION = 5.0;
				TARGETED_DEVICE_FAMILY = "1,2";
			};
			name = Debug;
		};
		02C57D672C183B6400BB0E48 /* Release */ = {
			isa = XCBuildConfiguration;
			buildSettings = {
				ASSETCATALOG_COMPILER_APPICON_NAME = AppIcon;
				ASSETCATALOG_COMPILER_GLOBAL_ACCENT_COLOR_NAME = AccentColor;
				CODE_SIGN_STYLE = Automatic;
				CURRENT_PROJECT_VERSION = 1;
				DEVELOPMENT_ASSET_PATHS = "\"Xcode16Check/Preview Content\"";
				DEVELOPMENT_TEAM = 4G76GHV9RM;
				ENABLE_PREVIEWS = YES;
				GENERATE_INFOPLIST_FILE = YES;
				INFOPLIST_KEY_UIApplicationSceneManifest_Generation = YES;
				INFOPLIST_KEY_UIApplicationSupportsIndirectInputEvents = YES;
				INFOPLIST_KEY_UILaunchScreen_Generation = YES;
				INFOPLIST_KEY_UISupportedInterfaceOrientations_iPad = "UIInterfaceOrientationPortrait UIInterfaceOrientationPortraitUpsideDown UIInterfaceOrientationLandscapeLeft UIInterfaceOrientationLandscapeRight";
				INFOPLIST_KEY_UISupportedInterfaceOrientations_iPhone = "UIInterfaceOrientationPortrait UIInterfaceOrientationLandscapeLeft UIInterfaceOrientationLandscapeRight";
				LD_RUNPATH_SEARCH_PATHS = (
					"$(inherited)",
					"@executable_path/Frameworks",
				);
				MARKETING_VERSION = 1.0;
				PRODUCT_BUNDLE_IDENTIFIER = com.leopoldromanowski.Xcode16Check;
				PRODUCT_NAME = "$(TARGET_NAME)";
				SWIFT_EMIT_LOC_STRINGS = YES;
				SWIFT_VERSION = 5.0;
				TARGETED_DEVICE_FAMILY = "1,2";
			};
			name = Release;
		};
		02C57D692C183B6400BB0E48 /* Debug */ = {
			isa = XCBuildConfiguration;
			buildSettings = {
				BUNDLE_LOADER = "$(TEST_HOST)";
				CODE_SIGN_STYLE = Automatic;
				CURRENT_PROJECT_VERSION = 1;
				DEVELOPMENT_TEAM = 4G76GHV9RM;
				GENERATE_INFOPLIST_FILE = YES;
				IPHONEOS_DEPLOYMENT_TARGET = 18.0;
				MARKETING_VERSION = 1.0;
				PRODUCT_BUNDLE_IDENTIFIER = com.leopoldromanowski.Xcode16CheckTests;
				PRODUCT_NAME = "$(TARGET_NAME)";
				SWIFT_EMIT_LOC_STRINGS = NO;
				SWIFT_VERSION = 5.0;
				TARGETED_DEVICE_FAMILY = "1,2";
				TEST_HOST = "$(BUILT_PRODUCTS_DIR)/Xcode16Check.app/$(BUNDLE_EXECUTABLE_FOLDER_PATH)/Xcode16Check";
			};
			name = Debug;
		};
		02C57D6A2C183B6400BB0E48 /* Release */ = {
			isa = XCBuildConfiguration;
			buildSettings = {
				BUNDLE_LOADER = "$(TEST_HOST)";
				CODE_SIGN_STYLE = Automatic;
				CURRENT_PROJECT_VERSION = 1;
				DEVELOPMENT_TEAM = 4G76GHV9RM;
				GENERATE_INFOPLIST_FILE = YES;
				IPHONEOS_DEPLOYMENT_TARGET = 18.0;
				MARKETING_VERSION = 1.0;
				PRODUCT_BUNDLE_IDENTIFIER = com.leopoldromanowski.Xcode16CheckTests;
				PRODUCT_NAME = "$(TARGET_NAME)";
				SWIFT_EMIT_LOC_STRINGS = NO;
				SWIFT_VERSION = 5.0;
				TARGETED_DEVICE_FAMILY = "1,2";
				TEST_HOST = "$(BUILT_PRODUCTS_DIR)/Xcode16Check.app/$(BUNDLE_EXECUTABLE_FOLDER_PATH)/Xcode16Check";
			};
			name = Release;
		};
		02C57D6C2C183B6400BB0E48 /* Debug */ = {
			isa = XCBuildConfiguration;
			buildSettings = {
				CODE_SIGN_STYLE = Automatic;
				CURRENT_PROJECT_VERSION = 1;
				DEVELOPMENT_TEAM = 4G76GHV9RM;
				GENERATE_INFOPLIST_FILE = YES;
				MARKETING_VERSION = 1.0;
				PRODUCT_BUNDLE_IDENTIFIER = com.leopoldromanowski.Xcode16CheckUITests;
				PRODUCT_NAME = "$(TARGET_NAME)";
				SWIFT_EMIT_LOC_STRINGS = NO;
				SWIFT_VERSION = 5.0;
				TARGETED_DEVICE_FAMILY = "1,2";
				TEST_TARGET_NAME = Xcode16Check;
			};
			name = Debug;
		};
		02C57D6D2C183B6400BB0E48 /* Release */ = {
			isa = XCBuildConfiguration;
			buildSettings = {
				CODE_SIGN_STYLE = Automatic;
				CURRENT_PROJECT_VERSION = 1;
				DEVELOPMENT_TEAM = 4G76GHV9RM;
				GENERATE_INFOPLIST_FILE = YES;
				MARKETING_VERSION = 1.0;
				PRODUCT_BUNDLE_IDENTIFIER = com.leopoldromanowski.Xcode16CheckUITests;
				PRODUCT_NAME = "$(TARGET_NAME)";
				SWIFT_EMIT_LOC_STRINGS = NO;
				SWIFT_VERSION = 5.0;
				TARGETED_DEVICE_FAMILY = "1,2";
				TEST_TARGET_NAME = Xcode16Check;
			};
			name = Release;
		};
/* End XCBuildConfiguration section */

/* Begin XCConfigurationList section */
		02C57D3C2C183B6300BB0E48 /* Build configuration list for PBXProject "Xcode16Check" */ = {
			isa = XCConfigurationList;
			buildConfigurations = (
				02C57D632C183B6400BB0E48 /* Debug */,
				02C57D642C183B6400BB0E48 /* Release */,
			);
			defaultConfigurationIsVisible = 0;
			defaultConfigurationName = Release;
		};
		02C57D652C183B6400BB0E48 /* Build configuration list for PBXNativeTarget "Xcode16Check" */ = {
			isa = XCConfigurationList;
			buildConfigurations = (
				02C57D662C183B6400BB0E48 /* Debug */,
				02C57D672C183B6400BB0E48 /* Release */,
			);
			defaultConfigurationIsVisible = 0;
			defaultConfigurationName = Release;
		};
		02C57D682C183B6400BB0E48 /* Build configuration list for PBXNativeTarget "Xcode16CheckTests" */ = {
			isa = XCConfigurationList;
			buildConfigurations = (
				02C57D692C183B6400BB0E48 /* Debug */,
				02C57D6A2C183B6400BB0E48 /* Release */,
			);
			defaultConfigurationIsVisible = 0;
			defaultConfigurationName = Release;
		};
		02C57D6B2C183B6400BB0E48 /* Build configuration list for PBXNativeTarget "Xcode16CheckUITests" */ = {
			isa = XCConfigurationList;
			buildConfigurations = (
				02C57D6C2C183B6400BB0E48 /* Debug */,
				02C57D6D2C183B6400BB0E48 /* Release */,
			);
			defaultConfigurationIsVisible = 0;
			defaultConfigurationName = Release;
		};
/* End XCConfigurationList section */
	};
	rootObject = 02C57D392C183B6300BB0E48 /* Project object */;
}
